
Microsoft Visual Studio Solution File, Format Version 12.00
# Visual Studio Version 17
VisualStudioVersion = 17.9.34701.34
MinimumVisualStudioVersion = 10.0.40219.1
Project("{9A19103F-16F7-4668-BE54-9A1E7A4F7556}") = "MyHttpServer", "MyHttpServer\MyHttpServer.csproj", "{544E62C9-0978-4475-B2CA-073392E21881}"
EndProject
Project("{9A19103F-16F7-4668-BE54-9A1E7A4F7556}") = "HttpServerLibrary", "HttpServerLibrary\HttpServerLibrary.csproj", "{256CD119-9A7C-4E7F-B6C8-2D0E913CA400}"
EndProject
Project("{9A19103F-16F7-4668-BE54-9A1E7A4F7556}") = "TemplateEngine", "TemplateEngine\TemplateEngine.csproj", "{B64FBA8F-AD96-4450-92A2-79041E1C6147}"
EndProject
Project("{9A19103F-16F7-4668-BE54-9A1E7A4F7556}") = "TemplateEngine.UnitTests", "TemplateEngine.UnitTests\TemplateEngine.UnitTests.csproj", "{B9808E85-5500-41A9-BFB0-4CB4399E2BB0}"
EndProject
Project("{9A19103F-16F7-4668-BE54-9A1E7A4F7556}") = "MyORMLibrary", "MyORMLibrary\MyORMLibrary.csproj", "{12105CE1-454E-4060-9CC0-115DC9E40274}"
EndProject
Project("{9A19103F-16F7-4668-BE54-9A1E7A4F7556}") = "MyORMLibrary.Test", "MyORMLibrary.Test\MyORMLibrary.Test.csproj", "{E3E2F810-7114-4B52-B143-ED6DA365EB39}"
EndProject
Project("{E53339B2-1760-4266-BCC7-CA923CBCF16C}") = "docker-compose", "docker-compose.dcproj", "{508E4D12-15D6-4411-A367-649B733E8C0B}"
EndProject
Global
	GlobalSection(SolutionConfigurationPlatforms) = preSolution
		Debug|Any CPU = Debug|Any CPU
		Release|Any CPU = Release|Any CPU
	EndGlobalSection
	GlobalSection(ProjectConfigurationPlatforms) = postSolution
		{544E62C9-0978-4475-B2CA-073392E21881}.Debug|Any CPU.ActiveCfg = Debug|Any CPU
		{544E62C9-0978-4475-B2CA-073392E21881}.Debug|Any CPU.Build.0 = Debug|Any CPU
		{544E62C9-0978-4475-B2CA-073392E21881}.Release|Any CPU.ActiveCfg = Release|Any CPU
		{544E62C9-0978-4475-B2CA-073392E21881}.Release|Any CPU.Build.0 = Release|Any CPU
		{256CD119-9A7C-4E7F-B6C8-2D0E913CA400}.Debug|Any CPU.ActiveCfg = Debug|Any CPU
		{256CD119-9A7C-4E7F-B6C8-2D0E913CA400}.Debug|Any CPU.Build.0 = Debug|Any CPU
		{256CD119-9A7C-4E7F-B6C8-2D0E913CA400}.Release|Any CPU.ActiveCfg = Release|Any CPU
		{256CD119-9A7C-4E7F-B6C8-2D0E913CA400}.Release|Any CPU.Build.0 = Release|Any CPU
		{B64FBA8F-AD96-4450-92A2-79041E1C6147}.Debug|Any CPU.ActiveCfg = Debug|Any CPU
		{B64FBA8F-AD96-4450-92A2-79041E1C6147}.Debug|Any CPU.Build.0 = Debug|Any CPU
		{B64FBA8F-AD96-4450-92A2-79041E1C6147}.Release|Any CPU.ActiveCfg = Release|Any CPU
		{B64FBA8F-AD96-4450-92A2-79041E1C6147}.Release|Any CPU.Build.0 = Release|Any CPU
		{B9808E85-5500-41A9-BFB0-4CB4399E2BB0}.Debug|Any CPU.ActiveCfg = Debug|Any CPU
		{B9808E85-5500-41A9-BFB0-4CB4399E2BB0}.Debug|Any CPU.Build.0 = Debug|Any CPU
		{B9808E85-5500-41A9-BFB0-4CB4399E2BB0}.Release|Any CPU.ActiveCfg = Release|Any CPU
		{B9808E85-5500-41A9-BFB0-4CB4399E2BB0}.Release|Any CPU.Build.0 = Release|Any CPU
		{12105CE1-454E-4060-9CC0-115DC9E40274}.Debug|Any CPU.ActiveCfg = Debug|Any CPU
		{12105CE1-454E-4060-9CC0-115DC9E40274}.Debug|Any CPU.Build.0 = Debug|Any CPU
		{12105CE1-454E-4060-9CC0-115DC9E40274}.Release|Any CPU.ActiveCfg = Release|Any CPU
		{12105CE1-454E-4060-9CC0-115DC9E40274}.Release|Any CPU.Build.0 = Release|Any CPU
		{E3E2F810-7114-4B52-B143-ED6DA365EB39}.Debug|Any CPU.ActiveCfg = Debug|Any CPU
		{E3E2F810-7114-4B52-B143-ED6DA365EB39}.Debug|Any CPU.Build.0 = Debug|Any CPU
		{E3E2F810-7114-4B52-B143-ED6DA365EB39}.Release|Any CPU.ActiveCfg = Release|Any CPU
		{E3E2F810-7114-4B52-B143-ED6DA365EB39}.Release|Any CPU.Build.0 = Release|Any CPU
		{508E4D12-15D6-4411-A367-649B733E8C0B}.Debug|Any CPU.ActiveCfg = Debug|Any CPU
		{508E4D12-15D6-4411-A367-649B733E8C0B}.Debug|Any CPU.Build.0 = Debug|Any CPU
		{508E4D12-15D6-4411-A367-649B733E8C0B}.Release|Any CPU.ActiveCfg = Release|Any CPU
		{508E4D12-15D6-4411-A367-649B733E8C0B}.Release|Any CPU.Build.0 = Release|Any CPU
	EndGlobalSection
	GlobalSection(SolutionProperties) = preSolution
		HideSolutionNode = FALSE
	EndGlobalSection
	GlobalSection(ExtensibilityGlobals) = postSolution
		SolutionGuid = {269202F4-8FAD-4E1E-BAC3-6824609330A8}
	EndGlobalSection
EndGlobal
